
Microsoft Visual Studio Solution File, Format Version 12.00
# Visual Studio Version 16
VisualStudioVersion = 16.0.30907.101
MinimumVisualStudioVersion = 10.0.40219.1
Project("{FAE04EC0-301F-11D3-BF4B-00C04F79EFBC}") = "WorkingWithTaskSample", "WorkingWithTaskSample\WorkingWithTaskSample.csproj", "{D08D251E-95AB-451A-BF54-4E705045D251}"
EndProject
Global
	GlobalSection(SolutionConfigurationPlatforms) = preSolution
		Debug|Any CPU = Debug|Any CPU
		Release|Any CPU = Release|Any CPU
	EndGlobalSection
	GlobalSection(ProjectConfigurationPlatforms) = postSolution
		{D08D251E-95AB-451A-BF54-4E705045D251}.Debug|Any CPU.ActiveCfg = Debug|Any CPU
		{D08D251E-95AB-451A-BF54-4E705045D251}.Debug|Any CPU.Build.0 = Debug|Any CPU
		{D08D251E-95AB-451A-BF54-4E705045D251}.Release|Any CPU.ActiveCfg = Release|Any CPU
		{D08D251E-95AB-451A-BF54-4E705045D251}.Release|Any CPU.Build.0 = Release|Any CPU
	EndGlobalSection
	GlobalSection(SolutionProperties) = preSolution
		HideSolutionNode = FALSE
	EndGlobalSection
	GlobalSection(ExtensibilityGlobals) = postSolution
		SolutionGuid = {D2E9EAD0-E7CF-441C-83EE-7EBD6A6ADB5A}
	EndGlobalSection
EndGlobal
